
Microsoft Visual Studio Solution File, Format Version 12.00
# Visual Studio 15
VisualStudioVersion = 15.0.27130.0
MinimumVisualStudioVersion = 10.0.40219.1
Project("{FAE04EC0-301F-11D3-BF4B-00C04F79EFBC}") = "ClashRoyale.Server", "ClashRoyale.Server\ClashRoyale.Server.csproj", "{2195C41C-B2E2-4763-8F7F-F34D1F9B9C0C}"
EndProject
Project("{FAE04EC0-301F-11D3-BF4B-00C04F79EFBC}") = "ClashRoyale.Patcher", "ClashRoyale.Patcher\ClashRoyale.Patcher.csproj", "{15A935B7-D610-435E-9ADE-5EB8FCD004EA}"
EndProject
Global
	GlobalSection(SolutionConfigurationPlatforms) = preSolution
		Debug|Any CPU = Debug|Any CPU
		Release|Any CPU = Release|Any CPU
	EndGlobalSection
	GlobalSection(ProjectConfigurationPlatforms) = postSolution
		{2195C41C-B2E2-4763-8F7F-F34D1F9B9C0C}.Debug|Any CPU.ActiveCfg = Debug|Any CPU
		{2195C41C-B2E2-4763-8F7F-F34D1F9B9C0C}.Debug|Any CPU.Build.0 = Debug|Any CPU
		{2195C41C-B2E2-4763-8F7F-F34D1F9B9C0C}.Release|Any CPU.ActiveCfg = Release|Any CPU
		{2195C41C-B2E2-4763-8F7F-F34D1F9B9C0C}.Release|Any CPU.Build.0 = Release|Any CPU
		{15A935B7-D610-435E-9ADE-5EB8FCD004EA}.Debug|Any CPU.ActiveCfg = Debug|Any CPU
		{15A935B7-D610-435E-9ADE-5EB8FCD004EA}.Debug|Any CPU.Build.0 = Debug|Any CPU
		{15A935B7-D610-435E-9ADE-5EB8FCD004EA}.Release|Any CPU.ActiveCfg = Release|Any CPU
		{15A935B7-D610-435E-9ADE-5EB8FCD004EA}.Release|Any CPU.Build.0 = Release|Any CPU
	EndGlobalSection
	GlobalSection(SolutionProperties) = preSolution
		HideSolutionNode = FALSE
	EndGlobalSection
	GlobalSection(ExtensibilityGlobals) = postSolution
		SolutionGuid = {23D7D91A-12B7-4E12-8CB1-71CCB881DFA8}
	EndGlobalSection
EndGlobal
